// !$*UTF8*$!
{
	archiveVersion = 1;
	classes = {
	};
	objectVersion = 55;
	objects = {

/* Begin PBXBuildFile section */
		3E128FBF287732E5007D18DB /* MobSession.swift in Sources */ = {isa = PBXBuildFile; fileRef = 3E128FBE287732E5007D18DB /* MobSession.swift */; };
		3E128FC0287732E5007D18DB /* MobSession.swift in Sources */ = {isa = PBXBuildFile; fileRef = 3E128FBE287732E5007D18DB /* MobSession.swift */; };
		3E128FC228773ABB007D18DB /* TeamMemberList.swift in Sources */ = {isa = PBXBuildFile; fileRef = 3E128FC128773ABB007D18DB /* TeamMemberList.swift */; };
		3E128FC328773ABB007D18DB /* TeamMemberList.swift in Sources */ = {isa = PBXBuildFile; fileRef = 3E128FC128773ABB007D18DB /* TeamMemberList.swift */; };
		3E128FC528773F1A007D18DB /* RotationLabel.swift in Sources */ = {isa = PBXBuildFile; fileRef = 3E128FC428773F1A007D18DB /* RotationLabel.swift */; };
		3E128FC628773F1A007D18DB /* RotationLabel.swift in Sources */ = {isa = PBXBuildFile; fileRef = 3E128FC428773F1A007D18DB /* RotationLabel.swift */; };
		3E128FC8287740AD007D18DB /* SymbolButton.swift in Sources */ = {isa = PBXBuildFile; fileRef = 3E128FC7287740AD007D18DB /* SymbolButton.swift */; };
		3E128FC9287740AD007D18DB /* SymbolButton.swift in Sources */ = {isa = PBXBuildFile; fileRef = 3E128FC7287740AD007D18DB /* SymbolButton.swift */; };
		3E128FCB28774193007D18DB /* TeamMemberListRow.swift in Sources */ = {isa = PBXBuildFile; fileRef = 3E128FCA28774193007D18DB /* TeamMemberListRow.swift */; };
		3E128FCC28774193007D18DB /* TeamMemberListRow.swift in Sources */ = {isa = PBXBuildFile; fileRef = 3E128FCA28774193007D18DB /* TeamMemberListRow.swift */; };
		3E128FCE28774205007D18DB /* AddTeamMemberRow.swift in Sources */ = {isa = PBXBuildFile; fileRef = 3E128FCD28774205007D18DB /* AddTeamMemberRow.swift */; };
		3E128FCF28774205007D18DB /* AddTeamMemberRow.swift in Sources */ = {isa = PBXBuildFile; fileRef = 3E128FCD28774205007D18DB /* AddTeamMemberRow.swift */; };
		3E128FD1287742EC007D18DB /* MobSessionManager.swift in Sources */ = {isa = PBXBuildFile; fileRef = 3E128FD0287742EC007D18DB /* MobSessionManager.swift */; };
		3E128FD2287742EC007D18DB /* MobSessionManager.swift in Sources */ = {isa = PBXBuildFile; fileRef = 3E128FD0287742EC007D18DB /* MobSessionManager.swift */; };
		3E128FD928776D52007D18DB /* Color+Extension.swift in Sources */ = {isa = PBXBuildFile; fileRef = 3E128FD828776D52007D18DB /* Color+Extension.swift */; };
		3E128FDA28776D52007D18DB /* Color+Extension.swift in Sources */ = {isa = PBXBuildFile; fileRef = 3E128FD828776D52007D18DB /* Color+Extension.swift */; };
		3E128FDC287787BF007D18DB /* TimerView.swift in Sources */ = {isa = PBXBuildFile; fileRef = 3E128FDB287787BF007D18DB /* TimerView.swift */; };
		3E128FDD287787BF007D18DB /* TimerView.swift in Sources */ = {isa = PBXBuildFile; fileRef = 3E128FDB287787BF007D18DB /* TimerView.swift */; };
		3E128FDF28778B15007D18DB /* MobTimer.swift in Sources */ = {isa = PBXBuildFile; fileRef = 3E128FDE28778B15007D18DB /* MobTimer.swift */; };
		3E128FE028778B15007D18DB /* MobTimer.swift in Sources */ = {isa = PBXBuildFile; fileRef = 3E128FDE28778B15007D18DB /* MobTimer.swift */; };
		3E128FE2287797AA007D18DB /* Array+Extension.swift in Sources */ = {isa = PBXBuildFile; fileRef = 3E128FE1287797AA007D18DB /* Array+Extension.swift */; };
		3E128FE3287797AA007D18DB /* Array+Extension.swift in Sources */ = {isa = PBXBuildFile; fileRef = 3E128FE1287797AA007D18DB /* Array+Extension.swift */; };
		3E128FFF287B2ED3007D18DB /* CircleTest.swift in Sources */ = {isa = PBXBuildFile; fileRef = 3E128FFE287B2ED3007D18DB /* CircleTest.swift */; };
		3E129000287B2ED3007D18DB /* CircleTest.swift in Sources */ = {isa = PBXBuildFile; fileRef = 3E128FFE287B2ED3007D18DB /* CircleTest.swift */; };
		3E129005287B3A30007D18DB /* CircleSelector.swift in Sources */ = {isa = PBXBuildFile; fileRef = 3E129004287B3A30007D18DB /* CircleSelector.swift */; };
		3E129006287B3A30007D18DB /* CircleSelector.swift in Sources */ = {isa = PBXBuildFile; fileRef = 3E129004287B3A30007D18DB /* CircleSelector.swift */; };
		3E6175DF287C9F98004EB19B /* TimerCountdown.swift in Sources */ = {isa = PBXBuildFile; fileRef = 3E6175DE287C9F98004EB19B /* TimerCountdown.swift */; };
		3E6175E0287C9F98004EB19B /* TimerCountdown.swift in Sources */ = {isa = PBXBuildFile; fileRef = 3E6175DE287C9F98004EB19B /* TimerCountdown.swift */; };
		3EA31E36287729AB00972DB5 /* MobProApp.swift in Sources */ = {isa = PBXBuildFile; fileRef = 3EA31E26287729AA00972DB5 /* MobProApp.swift */; };
		3EA31E37287729AB00972DB5 /* MobProApp.swift in Sources */ = {isa = PBXBuildFile; fileRef = 3EA31E26287729AA00972DB5 /* MobProApp.swift */; };
		3EA31E38287729AB00972DB5 /* ContentView.swift in Sources */ = {isa = PBXBuildFile; fileRef = 3EA31E27287729AA00972DB5 /* ContentView.swift */; };
		3EA31E39287729AB00972DB5 /* ContentView.swift in Sources */ = {isa = PBXBuildFile; fileRef = 3EA31E27287729AA00972DB5 /* ContentView.swift */; };
		3EA31E3A287729AB00972DB5 /* Assets.xcassets in Resources */ = {isa = PBXBuildFile; fileRef = 3EA31E28287729AB00972DB5 /* Assets.xcassets */; };
		3EA31E3B287729AB00972DB5 /* Assets.xcassets in Resources */ = {isa = PBXBuildFile; fileRef = 3EA31E28287729AB00972DB5 /* Assets.xcassets */; };
/* End PBXBuildFile section */

/* Begin PBXFileReference section */
		3E128FBE287732E5007D18DB /* MobSession.swift */ = {isa = PBXFileReference; lastKnownFileType = sourcecode.swift; path = MobSession.swift; sourceTree = "<group>"; };
		3E128FC128773ABB007D18DB /* TeamMemberList.swift */ = {isa = PBXFileReference; lastKnownFileType = sourcecode.swift; path = TeamMemberList.swift; sourceTree = "<group>"; };
		3E128FC428773F1A007D18DB /* RotationLabel.swift */ = {isa = PBXFileReference; lastKnownFileType = sourcecode.swift; path = RotationLabel.swift; sourceTree = "<group>"; };
		3E128FC7287740AD007D18DB /* SymbolButton.swift */ = {isa = PBXFileReference; lastKnownFileType = sourcecode.swift; path = SymbolButton.swift; sourceTree = "<group>"; };
		3E128FCA28774193007D18DB /* TeamMemberListRow.swift */ = {isa = PBXFileReference; lastKnownFileType = sourcecode.swift; path = TeamMemberListRow.swift; sourceTree = "<group>"; };
		3E128FCD28774205007D18DB /* AddTeamMemberRow.swift */ = {isa = PBXFileReference; lastKnownFileType = sourcecode.swift; path = AddTeamMemberRow.swift; sourceTree = "<group>"; };
		3E128FD0287742EC007D18DB /* MobSessionManager.swift */ = {isa = PBXFileReference; lastKnownFileType = sourcecode.swift; path = MobSessionManager.swift; sourceTree = "<group>"; };
		3E128FD828776D52007D18DB /* Color+Extension.swift */ = {isa = PBXFileReference; lastKnownFileType = sourcecode.swift; path = "Color+Extension.swift"; sourceTree = "<group>"; };
		3E128FDB287787BF007D18DB /* TimerView.swift */ = {isa = PBXFileReference; lastKnownFileType = sourcecode.swift; path = TimerView.swift; sourceTree = "<group>"; };
		3E128FDE28778B15007D18DB /* MobTimer.swift */ = {isa = PBXFileReference; lastKnownFileType = sourcecode.swift; path = MobTimer.swift; sourceTree = "<group>"; };
		3E128FE1287797AA007D18DB /* Array+Extension.swift */ = {isa = PBXFileReference; lastKnownFileType = sourcecode.swift; path = "Array+Extension.swift"; sourceTree = "<group>"; };
		3E128FFE287B2ED3007D18DB /* CircleTest.swift */ = {isa = PBXFileReference; lastKnownFileType = sourcecode.swift; path = CircleTest.swift; sourceTree = "<group>"; };
		3E129004287B3A30007D18DB /* CircleSelector.swift */ = {isa = PBXFileReference; lastKnownFileType = sourcecode.swift; name = CircleSelector.swift; path = Shared/CircleSelector.swift; sourceTree = SOURCE_ROOT; };
		3E6175DE287C9F98004EB19B /* TimerCountdown.swift */ = {isa = PBXFileReference; lastKnownFileType = sourcecode.swift; path = TimerCountdown.swift; sourceTree = "<group>"; };
		3EA31E26287729AA00972DB5 /* MobProApp.swift */ = {isa = PBXFileReference; lastKnownFileType = sourcecode.swift; path = MobProApp.swift; sourceTree = "<group>"; };
		3EA31E27287729AA00972DB5 /* ContentView.swift */ = {isa = PBXFileReference; lastKnownFileType = sourcecode.swift; path = ContentView.swift; sourceTree = "<group>"; };
		3EA31E28287729AB00972DB5 /* Assets.xcassets */ = {isa = PBXFileReference; lastKnownFileType = folder.assetcatalog; path = Assets.xcassets; sourceTree = "<group>"; };
		3EA31E2D287729AB00972DB5 /* MobPro.app */ = {isa = PBXFileReference; explicitFileType = wrapper.application; includeInIndex = 0; path = MobPro.app; sourceTree = BUILT_PRODUCTS_DIR; };
		3EA31E33287729AB00972DB5 /* MobPro.app */ = {isa = PBXFileReference; explicitFileType = wrapper.application; includeInIndex = 0; path = MobPro.app; sourceTree = BUILT_PRODUCTS_DIR; };
		3EA31E35287729AB00972DB5 /* macOS.entitlements */ = {isa = PBXFileReference; lastKnownFileType = text.plist.entitlements; path = macOS.entitlements; sourceTree = "<group>"; };
/* End PBXFileReference section */

/* Begin PBXFrameworksBuildPhase section */
		3EA31E2A287729AB00972DB5 /* Frameworks */ = {
			isa = PBXFrameworksBuildPhase;
			buildActionMask = 2147483647;
			files = (
			);
			runOnlyForDeploymentPostprocessing = 0;
		};
		3EA31E30287729AB00972DB5 /* Frameworks */ = {
			isa = PBXFrameworksBuildPhase;
			buildActionMask = 2147483647;
			files = (
			);
			runOnlyForDeploymentPostprocessing = 0;
		};
/* End PBXFrameworksBuildPhase section */

/* Begin PBXGroup section */
		3E128FD3287746DD007D18DB /* Models */ = {
			isa = PBXGroup;
			children = (
				3E128FDE28778B15007D18DB /* MobTimer.swift */,
				3E128FBE287732E5007D18DB /* MobSession.swift */,
			);
			path = Models;
			sourceTree = "<group>";
		};
		3E128FD4287746EF007D18DB /* ViewModel */ = {
			isa = PBXGroup;
			children = (
				3E128FD0287742EC007D18DB /* MobSessionManager.swift */,
				3E128FFE287B2ED3007D18DB /* CircleTest.swift */,
			);
			path = ViewModel;
			sourceTree = "<group>";
		};
		3E128FD5287746FB007D18DB /* Views */ = {
			isa = PBXGroup;
			children = (
				3E128FD62877471C007D18DB /* Components */,
				3EA31E27287729AA00972DB5 /* ContentView.swift */,
				3E128FDB287787BF007D18DB /* TimerView.swift */,
				3E6175DE287C9F98004EB19B /* TimerCountdown.swift */,
				3E128FC428773F1A007D18DB /* RotationLabel.swift */,
				3E128FC128773ABB007D18DB /* TeamMemberList.swift */,
				3E128FCD28774205007D18DB /* AddTeamMemberRow.swift */,
				3E128FCA28774193007D18DB /* TeamMemberListRow.swift */,
			);
			path = Views;
			sourceTree = "<group>";
		};
		3E128FD62877471C007D18DB /* Components */ = {
			isa = PBXGroup;
			children = (
				3E129004287B3A30007D18DB /* CircleSelector.swift */,
				3E128FC7287740AD007D18DB /* SymbolButton.swift */,
			);
			path = Components;
			sourceTree = "<group>";
		};
		3E128FD728776D3F007D18DB /* Extensions */ = {
			isa = PBXGroup;
			children = (
				3E128FD828776D52007D18DB /* Color+Extension.swift */,
				3E128FE1287797AA007D18DB /* Array+Extension.swift */,
			);
			path = Extensions;
			sourceTree = "<group>";
		};
		3EA31E20287729AA00972DB5 = {
			isa = PBXGroup;
			children = (
				3EA31E25287729AA00972DB5 /* Shared */,
				3EA31E34287729AB00972DB5 /* macOS */,
				3EA31E2E287729AB00972DB5 /* Products */,
			);
			sourceTree = "<group>";
		};
		3EA31E25287729AA00972DB5 /* Shared */ = {
			isa = PBXGroup;
			children = (
				3EA31E26287729AA00972DB5 /* MobProApp.swift */,
				3E128FD5287746FB007D18DB /* Views */,
				3E128FD4287746EF007D18DB /* ViewModel */,
				3E128FD3287746DD007D18DB /* Models */,
				3E128FD728776D3F007D18DB /* Extensions */,
				3EA31E28287729AB00972DB5 /* Assets.xcassets */,
			);
			path = Shared;
			sourceTree = "<group>";
		};
		3EA31E2E287729AB00972DB5 /* Products */ = {
			isa = PBXGroup;
			children = (
				3EA31E2D287729AB00972DB5 /* MobPro.app */,
				3EA31E33287729AB00972DB5 /* MobPro.app */,
			);
			name = Products;
			sourceTree = "<group>";
		};
		3EA31E34287729AB00972DB5 /* macOS */ = {
			isa = PBXGroup;
			children = (
				3EA31E35287729AB00972DB5 /* macOS.entitlements */,
			);
			path = macOS;
			sourceTree = "<group>";
		};
/* End PBXGroup section */

/* Begin PBXNativeTarget section */
		3EA31E2C287729AB00972DB5 /* MobPro (iOS) */ = {
			isa = PBXNativeTarget;
			buildConfigurationList = 3EA31E3E287729AB00972DB5 /* Build configuration list for PBXNativeTarget "MobPro (iOS)" */;
			buildPhases = (
				3EA31E29287729AB00972DB5 /* Sources */,
				3EA31E2A287729AB00972DB5 /* Frameworks */,
				3EA31E2B287729AB00972DB5 /* Resources */,
			);
			buildRules = (
			);
			dependencies = (
			);
			name = "MobPro (iOS)";
			productName = "MobPro (iOS)";
			productReference = 3EA31E2D287729AB00972DB5 /* MobPro.app */;
			productType = "com.apple.product-type.application";
		};
		3EA31E32287729AB00972DB5 /* MobPro (macOS) */ = {
			isa = PBXNativeTarget;
			buildConfigurationList = 3EA31E41287729AB00972DB5 /* Build configuration list for PBXNativeTarget "MobPro (macOS)" */;
			buildPhases = (
				3EA31E2F287729AB00972DB5 /* Sources */,
				3EA31E30287729AB00972DB5 /* Frameworks */,
				3EA31E31287729AB00972DB5 /* Resources */,
			);
			buildRules = (
			);
			dependencies = (
			);
			name = "MobPro (macOS)";
			productName = "MobPro (macOS)";
			productReference = 3EA31E33287729AB00972DB5 /* MobPro.app */;
			productType = "com.apple.product-type.application";
		};
/* End PBXNativeTarget section */

/* Begin PBXProject section */
		3EA31E21287729AA00972DB5 /* Project object */ = {
			isa = PBXProject;
			attributes = {
				BuildIndependentTargetsInParallel = 1;
				LastSwiftUpdateCheck = 1340;
				LastUpgradeCheck = 1340;
				TargetAttributes = {
					3EA31E2C287729AB00972DB5 = {
						CreatedOnToolsVersion = 13.4;
					};
					3EA31E32287729AB00972DB5 = {
						CreatedOnToolsVersion = 13.4;
					};
				};
			};
			buildConfigurationList = 3EA31E24287729AA00972DB5 /* Build configuration list for PBXProject "MobPro" */;
			compatibilityVersion = "Xcode 13.0";
			developmentRegion = en;
			hasScannedForEncodings = 0;
			knownRegions = (
				en,
				Base,
			);
			mainGroup = 3EA31E20287729AA00972DB5;
			productRefGroup = 3EA31E2E287729AB00972DB5 /* Products */;
			projectDirPath = "";
			projectRoot = "";
			targets = (
				3EA31E2C287729AB00972DB5 /* MobPro (iOS) */,
				3EA31E32287729AB00972DB5 /* MobPro (macOS) */,
			);
		};
/* End PBXProject section */

/* Begin PBXResourcesBuildPhase section */
		3EA31E2B287729AB00972DB5 /* Resources */ = {
			isa = PBXResourcesBuildPhase;
			buildActionMask = 2147483647;
			files = (
				3EA31E3A287729AB00972DB5 /* Assets.xcassets in Resources */,
			);
			runOnlyForDeploymentPostprocessing = 0;
		};
		3EA31E31287729AB00972DB5 /* Resources */ = {
			isa = PBXResourcesBuildPhase;
			buildActionMask = 2147483647;
			files = (
				3EA31E3B287729AB00972DB5 /* Assets.xcassets in Resources */,
			);
			runOnlyForDeploymentPostprocessing = 0;
		};
/* End PBXResourcesBuildPhase section */

/* Begin PBXSourcesBuildPhase section */
		3EA31E29287729AB00972DB5 /* Sources */ = {
			isa = PBXSourcesBuildPhase;
			buildActionMask = 2147483647;
			files = (
				3E128FCB28774193007D18DB /* TeamMemberListRow.swift in Sources */,
				3E6175DF287C9F98004EB19B /* TimerCountdown.swift in Sources */,
				3E128FD928776D52007D18DB /* Color+Extension.swift in Sources */,
				3E128FCE28774205007D18DB /* AddTeamMemberRow.swift in Sources */,
				3E128FBF287732E5007D18DB /* MobSession.swift in Sources */,
				3EA31E38287729AB00972DB5 /* ContentView.swift in Sources */,
				3E128FFF287B2ED3007D18DB /* CircleTest.swift in Sources */,
				3E128FC228773ABB007D18DB /* TeamMemberList.swift in Sources */,
				3E129005287B3A30007D18DB /* CircleSelector.swift in Sources */,
				3E128FDC287787BF007D18DB /* TimerView.swift in Sources */,
				3E128FD1287742EC007D18DB /* MobSessionManager.swift in Sources */,
				3EA31E36287729AB00972DB5 /* MobProApp.swift in Sources */,
				3E128FDF28778B15007D18DB /* MobTimer.swift in Sources */,
				3E128FC528773F1A007D18DB /* RotationLabel.swift in Sources */,
				3E128FE2287797AA007D18DB /* Array+Extension.swift in Sources */,
				3E128FC8287740AD007D18DB /* SymbolButton.swift in Sources */,
			);
			runOnlyForDeploymentPostprocessing = 0;
		};
		3EA31E2F287729AB00972DB5 /* Sources */ = {
			isa = PBXSourcesBuildPhase;
			buildActionMask = 2147483647;
			files = (
				3E128FCC28774193007D18DB /* TeamMemberListRow.swift in Sources */,
				3E6175E0287C9F98004EB19B /* TimerCountdown.swift in Sources */,
				3E128FDA28776D52007D18DB /* Color+Extension.swift in Sources */,
				3E128FCF28774205007D18DB /* AddTeamMemberRow.swift in Sources */,
				3E128FC0287732E5007D18DB /* MobSession.swift in Sources */,
				3EA31E39287729AB00972DB5 /* ContentView.swift in Sources */,
				3E129000287B2ED3007D18DB /* CircleTest.swift in Sources */,
				3E128FC328773ABB007D18DB /* TeamMemberList.swift in Sources */,
				3E129006287B3A30007D18DB /* CircleSelector.swift in Sources */,
				3E128FDD287787BF007D18DB /* TimerView.swift in Sources */,
				3E128FD2287742EC007D18DB /* MobSessionManager.swift in Sources */,
				3EA31E37287729AB00972DB5 /* MobProApp.swift in Sources */,
				3E128FE028778B15007D18DB /* MobTimer.swift in Sources */,
				3E128FC628773F1A007D18DB /* RotationLabel.swift in Sources */,
				3E128FE3287797AA007D18DB /* Array+Extension.swift in Sources */,
				3E128FC9287740AD007D18DB /* SymbolButton.swift in Sources */,
			);
			runOnlyForDeploymentPostprocessing = 0;
		};
/* End PBXSourcesBuildPhase section */

/* Begin XCBuildConfiguration section */
		3EA31E3C287729AB00972DB5 /* Debug */ = {
			isa = XCBuildConfiguration;
			buildSettings = {
				ALWAYS_SEARCH_USER_PATHS = NO;
				CLANG_ANALYZER_NONNULL = YES;
				CLANG_ANALYZER_NUMBER_OBJECT_CONVERSION = YES_AGGRESSIVE;
				CLANG_CXX_LANGUAGE_STANDARD = "gnu++17";
				CLANG_ENABLE_MODULES = YES;
				CLANG_ENABLE_OBJC_ARC = YES;
				CLANG_ENABLE_OBJC_WEAK = YES;
				CLANG_WARN_BLOCK_CAPTURE_AUTORELEASING = YES;
				CLANG_WARN_BOOL_CONVERSION = YES;
				CLANG_WARN_COMMA = YES;
				CLANG_WARN_CONSTANT_CONVERSION = YES;
				CLANG_WARN_DEPRECATED_OBJC_IMPLEMENTATIONS = YES;
				CLANG_WARN_DIRECT_OBJC_ISA_USAGE = YES_ERROR;
				CLANG_WARN_DOCUMENTATION_COMMENTS = YES;
				CLANG_WARN_EMPTY_BODY = YES;
				CLANG_WARN_ENUM_CONVERSION = YES;
				CLANG_WARN_INFINITE_RECURSION = YES;
				CLANG_WARN_INT_CONVERSION = YES;
				CLANG_WARN_NON_LITERAL_NULL_CONVERSION = YES;
				CLANG_WARN_OBJC_IMPLICIT_RETAIN_SELF = YES;
				CLANG_WARN_OBJC_LITERAL_CONVERSION = YES;
				CLANG_WARN_OBJC_ROOT_CLASS = YES_ERROR;
				CLANG_WARN_QUOTED_INCLUDE_IN_FRAMEWORK_HEADER = YES;
				CLANG_WARN_RANGE_LOOP_ANALYSIS = YES;
				CLANG_WARN_STRICT_PROTOTYPES = YES;
				CLANG_WARN_SUSPICIOUS_MOVE = YES;
				CLANG_WARN_UNGUARDED_AVAILABILITY = YES_AGGRESSIVE;
				CLANG_WARN_UNREACHABLE_CODE = YES;
				CLANG_WARN__DUPLICATE_METHOD_MATCH = YES;
				COPY_PHASE_STRIP = NO;
				DEBUG_INFORMATION_FORMAT = dwarf;
				ENABLE_STRICT_OBJC_MSGSEND = YES;
				ENABLE_TESTABILITY = YES;
				GCC_C_LANGUAGE_STANDARD = gnu11;
				GCC_DYNAMIC_NO_PIC = NO;
				GCC_NO_COMMON_BLOCKS = YES;
				GCC_OPTIMIZATION_LEVEL = 0;
				GCC_PREPROCESSOR_DEFINITIONS = (
					"DEBUG=1",
					"$(inherited)",
				);
				GCC_WARN_64_TO_32_BIT_CONVERSION = YES;
				GCC_WARN_ABOUT_RETURN_TYPE = YES_ERROR;
				GCC_WARN_UNDECLARED_SELECTOR = YES;
				GCC_WARN_UNINITIALIZED_AUTOS = YES_AGGRESSIVE;
				GCC_WARN_UNUSED_FUNCTION = YES;
				GCC_WARN_UNUSED_VARIABLE = YES;
				MTL_ENABLE_DEBUG_INFO = INCLUDE_SOURCE;
				MTL_FAST_MATH = YES;
				ONLY_ACTIVE_ARCH = YES;
				SWIFT_ACTIVE_COMPILATION_CONDITIONS = DEBUG;
				SWIFT_OPTIMIZATION_LEVEL = "-Onone";
			};
			name = Debug;
		};
		3EA31E3D287729AB00972DB5 /* Release */ = {
			isa = XCBuildConfiguration;
			buildSettings = {
				ALWAYS_SEARCH_USER_PATHS = NO;
				CLANG_ANALYZER_NONNULL = YES;
				CLANG_ANALYZER_NUMBER_OBJECT_CONVERSION = YES_AGGRESSIVE;
				CLANG_CXX_LANGUAGE_STANDARD = "gnu++17";
				CLANG_ENABLE_MODULES = YES;
				CLANG_ENABLE_OBJC_ARC = YES;
				CLANG_ENABLE_OBJC_WEAK = YES;
				CLANG_WARN_BLOCK_CAPTURE_AUTORELEASING = YES;
				CLANG_WARN_BOOL_CONVERSION = YES;
				CLANG_WARN_COMMA = YES;
				CLANG_WARN_CONSTANT_CONVERSION = YES;
				CLANG_WARN_DEPRECATED_OBJC_IMPLEMENTATIONS = YES;
				CLANG_WARN_DIRECT_OBJC_ISA_USAGE = YES_ERROR;
				CLANG_WARN_DOCUMENTATION_COMMENTS = YES;
				CLANG_WARN_EMPTY_BODY = YES;
				CLANG_WARN_ENUM_CONVERSION = YES;
				CLANG_WARN_INFINITE_RECURSION = YES;
				CLANG_WARN_INT_CONVERSION = YES;
				CLANG_WARN_NON_LITERAL_NULL_CONVERSION = YES;
				CLANG_WARN_OBJC_IMPLICIT_RETAIN_SELF = YES;
				CLANG_WARN_OBJC_LITERAL_CONVERSION = YES;
				CLANG_WARN_OBJC_ROOT_CLASS = YES_ERROR;
				CLANG_WARN_QUOTED_INCLUDE_IN_FRAMEWORK_HEADER = YES;
				CLANG_WARN_RANGE_LOOP_ANALYSIS = YES;
				CLANG_WARN_STRICT_PROTOTYPES = YES;
				CLANG_WARN_SUSPICIOUS_MOVE = YES;
				CLANG_WARN_UNGUARDED_AVAILABILITY = YES_AGGRESSIVE;
				CLANG_WARN_UNREACHABLE_CODE = YES;
				CLANG_WARN__DUPLICATE_METHOD_MATCH = YES;
				COPY_PHASE_STRIP = NO;
				DEBUG_INFORMATION_FORMAT = "dwarf-with-dsym";
				ENABLE_NS_ASSERTIONS = NO;
				ENABLE_STRICT_OBJC_MSGSEND = YES;
				GCC_C_LANGUAGE_STANDARD = gnu11;
				GCC_NO_COMMON_BLOCKS = YES;
				GCC_WARN_64_TO_32_BIT_CONVERSION = YES;
				GCC_WARN_ABOUT_RETURN_TYPE = YES_ERROR;
				GCC_WARN_UNDECLARED_SELECTOR = YES;
				GCC_WARN_UNINITIALIZED_AUTOS = YES_AGGRESSIVE;
				GCC_WARN_UNUSED_FUNCTION = YES;
				GCC_WARN_UNUSED_VARIABLE = YES;
				MTL_ENABLE_DEBUG_INFO = NO;
				MTL_FAST_MATH = YES;
				SWIFT_COMPILATION_MODE = wholemodule;
				SWIFT_OPTIMIZATION_LEVEL = "-O";
			};
			name = Release;
		};
		3EA31E3F287729AB00972DB5 /* Debug */ = {
			isa = XCBuildConfiguration;
			buildSettings = {
				ASSETCATALOG_COMPILER_APPICON_NAME = AppIcon;
				ASSETCATALOG_COMPILER_GLOBAL_ACCENT_COLOR_NAME = AccentColor;
				ASSETCATALOG_COMPILER_INCLUDE_ALL_APPICON_ASSETS = NO;
				CODE_SIGN_STYLE = Automatic;
				CURRENT_PROJECT_VERSION = 1;
				DEVELOPMENT_TEAM = PU4JAM9L7Q;
				ENABLE_PREVIEWS = YES;
				GENERATE_INFOPLIST_FILE = YES;
				INFOPLIST_KEY_UIApplicationSceneManifest_Generation = YES;
				INFOPLIST_KEY_UIApplicationSupportsIndirectInputEvents = YES;
				INFOPLIST_KEY_UILaunchScreen_Generation = YES;
				INFOPLIST_KEY_UISupportedInterfaceOrientations = "UIInterfaceOrientationPortrait UIInterfaceOrientationPortraitUpsideDown";
				INFOPLIST_KEY_UISupportedInterfaceOrientations_iPad = "UIInterfaceOrientationPortrait UIInterfaceOrientationPortraitUpsideDown UIInterfaceOrientationLandscapeLeft UIInterfaceOrientationLandscapeRight";
				INFOPLIST_KEY_UISupportedInterfaceOrientations_iPhone = "UIInterfaceOrientationPortrait UIInterfaceOrientationLandscapeLeft UIInterfaceOrientationLandscapeRight";
				IPHONEOS_DEPLOYMENT_TARGET = 15.5;
				LD_RUNPATH_SEARCH_PATHS = (
					"$(inherited)",
					"@executable_path/Frameworks",
				);
				MARKETING_VERSION = 0.1.0;
				PRODUCT_BUNDLE_IDENTIFIER = com.tomphillipsmusic.MobPro;
				PRODUCT_NAME = MobPro;
				SDKROOT = iphoneos;
				SWIFT_EMIT_LOC_STRINGS = YES;
				SWIFT_VERSION = 5.0;
				TARGETED_DEVICE_FAMILY = "1,2";
			};
			name = Debug;
		};
		3EA31E40287729AB00972DB5 /* Release */ = {
			isa = XCBuildConfiguration;
			buildSettings = {
				ASSETCATALOG_COMPILER_APPICON_NAME = AppIcon;
				ASSETCATALOG_COMPILER_GLOBAL_ACCENT_COLOR_NAME = AccentColor;
				ASSETCATALOG_COMPILER_INCLUDE_ALL_APPICON_ASSETS = NO;
				CODE_SIGN_STYLE = Automatic;
				CURRENT_PROJECT_VERSION = 1;
				DEVELOPMENT_TEAM = PU4JAM9L7Q;
				ENABLE_PREVIEWS = YES;
				GENERATE_INFOPLIST_FILE = YES;
				INFOPLIST_KEY_UIApplicationSceneManifest_Generation = YES;
				INFOPLIST_KEY_UIApplicationSupportsIndirectInputEvents = YES;
				INFOPLIST_KEY_UILaunchScreen_Generation = YES;
				INFOPLIST_KEY_UISupportedInterfaceOrientations = "UIInterfaceOrientationPortrait UIInterfaceOrientationPortraitUpsideDown";
				INFOPLIST_KEY_UISupportedInterfaceOrientations_iPad = "UIInterfaceOrientationPortrait UIInterfaceOrientationPortraitUpsideDown UIInterfaceOrientationLandscapeLeft UIInterfaceOrientationLandscapeRight";
				INFOPLIST_KEY_UISupportedInterfaceOrientations_iPhone = "UIInterfaceOrientationPortrait UIInterfaceOrientationLandscapeLeft UIInterfaceOrientationLandscapeRight";
				IPHONEOS_DEPLOYMENT_TARGET = 15.5;
				LD_RUNPATH_SEARCH_PATHS = (
					"$(inherited)",
					"@executable_path/Frameworks",
				);
				MARKETING_VERSION = 0.1.0;
				PRODUCT_BUNDLE_IDENTIFIER = com.tomphillipsmusic.MobPro;
				PRODUCT_NAME = MobPro;
				SDKROOT = iphoneos;
				SWIFT_EMIT_LOC_STRINGS = YES;
				SWIFT_VERSION = 5.0;
				TARGETED_DEVICE_FAMILY = "1,2";
				VALIDATE_PRODUCT = YES;
			};
			name = Release;
		};
		3EA31E42287729AB00972DB5 /* Debug */ = {
			isa = XCBuildConfiguration;
			buildSettings = {
				ASSETCATALOG_COMPILER_APPICON_NAME = AppIcon;
				ASSETCATALOG_COMPILER_GLOBAL_ACCENT_COLOR_NAME = AccentColor;
				CODE_SIGN_ENTITLEMENTS = macOS/macOS.entitlements;
				CODE_SIGN_STYLE = Automatic;
				COMBINE_HIDPI_IMAGES = YES;
				CURRENT_PROJECT_VERSION = 3;
				DEVELOPMENT_TEAM = PU4JAM9L7Q;
				ENABLE_HARDENED_RUNTIME = YES;
				ENABLE_PREVIEWS = YES;
				GENERATE_INFOPLIST_FILE = YES;
				INFOPLIST_KEY_NSHumanReadableCopyright = "";
				LD_RUNPATH_SEARCH_PATHS = (
					"$(inherited)",
					"@executable_path/../Frameworks",
				);
				MACOSX_DEPLOYMENT_TARGET = 12.3;
				MARKETING_VERSION = 0.1.0;
				PRODUCT_BUNDLE_IDENTIFIER = com.tomphillipsmusic.MobPro;
				PRODUCT_NAME = MobPro;
				SDKROOT = macosx;
				SWIFT_EMIT_LOC_STRINGS = YES;
				SWIFT_VERSION = 5.0;
			};
			name = Debug;
		};
		3EA31E43287729AB00972DB5 /* Release */ = {
			isa = XCBuildConfiguration;
			buildSettings = {
				ASSETCATALOG_COMPILER_APPICON_NAME = AppIcon;
				ASSETCATALOG_COMPILER_GLOBAL_ACCENT_COLOR_NAME = AccentColor;
				CODE_SIGN_ENTITLEMENTS = macOS/macOS.entitlements;
				CODE_SIGN_STYLE = Automatic;
				COMBINE_HIDPI_IMAGES = YES;
				CURRENT_PROJECT_VERSION = 3;
				DEVELOPMENT_TEAM = PU4JAM9L7Q;
				ENABLE_HARDENED_RUNTIME = YES;
				ENABLE_PREVIEWS = YES;
				GENERATE_INFOPLIST_FILE = YES;
				INFOPLIST_KEY_NSHumanReadableCopyright = "";
				LD_RUNPATH_SEARCH_PATHS = (
					"$(inherited)",
					"@executable_path/../Frameworks",
				);
				MACOSX_DEPLOYMENT_TARGET = 12.3;
				MARKETING_VERSION = 0.1.0;
				PRODUCT_BUNDLE_IDENTIFIER = com.tomphillipsmusic.MobPro;
				PRODUCT_NAME = MobPro;
				SDKROOT = macosx;
				SWIFT_EMIT_LOC_STRINGS = YES;
				SWIFT_VERSION = 5.0;
			};
			name = Release;
		};
/* End XCBuildConfiguration section */

/* Begin XCConfigurationList section */
		3EA31E24287729AA00972DB5 /* Build configuration list for PBXProject "MobPro" */ = {
			isa = XCConfigurationList;
			buildConfigurations = (
				3EA31E3C287729AB00972DB5 /* Debug */,
				3EA31E3D287729AB00972DB5 /* Release */,
			);
			defaultConfigurationIsVisible = 0;
			defaultConfigurationName = Release;
		};
		3EA31E3E287729AB00972DB5 /* Build configuration list for PBXNativeTarget "MobPro (iOS)" */ = {
			isa = XCConfigurationList;
			buildConfigurations = (
				3EA31E3F287729AB00972DB5 /* Debug */,
				3EA31E40287729AB00972DB5 /* Release */,
			);
			defaultConfigurationIsVisible = 0;
			defaultConfigurationName = Release;
		};
		3EA31E41287729AB00972DB5 /* Build configuration list for PBXNativeTarget "MobPro (macOS)" */ = {
			isa = XCConfigurationList;
			buildConfigurations = (
				3EA31E42287729AB00972DB5 /* Debug */,
				3EA31E43287729AB00972DB5 /* Release */,
			);
			defaultConfigurationIsVisible = 0;
			defaultConfigurationName = Release;
		};
/* End XCConfigurationList section */
	};
	rootObject = 3EA31E21287729AA00972DB5 /* Project object */;
}
